{
  "name": "svelte_proj",
  "lockfileVersion": 3,
  "requires": true,
  "packages": {
    "": {
      "dependencies": {
        "sv": "^0.9.8"
      }
    },
    "node_modules/sv": {
      "version": "0.9.8",
      "resolved": "https://registry.npmjs.org/sv/-/sv-0.9.8.tgz",
      "integrity": "sha512-71q8Sd2p0fCS86bdzlap6kKs+Dz0H+8se+PyN4Fyz0AYchfOZBEr89rjdeA6SfZ/iVmo/QB3bzR7UfodtF96Tw==",
      "license": "MIT",
      "bin": {
        "sv": "dist/bin.js"
      }
    }
  }
}
